// !$*UTF8*$!
{
	archiveVersion = 1;
	classes = {
	};
	objectVersion = 55;
	objects = {

/* Begin PBXBuildFile section */
		4822E542278F533A008A45BB /* src in Resources */ = {isa = PBXBuildFile; fileRef = 4822E53D278F533A008A45BB /* src */; };
		4822E543278F533A008A45BB /* _locales in Resources */ = {isa = PBXBuildFile; fileRef = 4822E53E278F533A008A45BB /* _locales */; };
		4822E545278F533A008A45BB /* settings.html in Resources */ = {isa = PBXBuildFile; fileRef = 4822E540278F533A008A45BB /* settings.html */; };
		4822E546278F533A008A45BB /* index.html in Resources */ = {isa = PBXBuildFile; fileRef = 4822E541278F533A008A45BB /* index.html */; };
		4822E54D278F5CDB008A45BB /* manifest.json in Resources */ = {isa = PBXBuildFile; fileRef = 4822E54C278F5CDB008A45BB /* manifest.json */; };
		48F55C7C278F1EC900742FA8 /* AppDelegate.swift in Sources */ = {isa = PBXBuildFile; fileRef = 48F55C7B278F1EC900742FA8 /* AppDelegate.swift */; };
		48F55C80278F1EC900742FA8 /* Main.html in Resources */ = {isa = PBXBuildFile; fileRef = 48F55C7E278F1EC900742FA8 /* Main.html */; };
		48F55C82278F1EC900742FA8 /* Icon.png in Resources */ = {isa = PBXBuildFile; fileRef = 48F55C81278F1EC900742FA8 /* Icon.png */; };
		48F55C84278F1EC900742FA8 /* Style.css in Resources */ = {isa = PBXBuildFile; fileRef = 48F55C83278F1EC900742FA8 /* Style.css */; };
		48F55C86278F1EC900742FA8 /* Script.js in Resources */ = {isa = PBXBuildFile; fileRef = 48F55C85278F1EC900742FA8 /* Script.js */; };
		48F55C88278F1EC900742FA8 /* ViewController.swift in Sources */ = {isa = PBXBuildFile; fileRef = 48F55C87278F1EC900742FA8 /* ViewController.swift */; };
		48F55C8B278F1EC900742FA8 /* Main.storyboard in Resources */ = {isa = PBXBuildFile; fileRef = 48F55C89278F1EC900742FA8 /* Main.storyboard */; };
		48F55C8D278F1ECA00742FA8 /* Assets.xcassets in Resources */ = {isa = PBXBuildFile; fileRef = 48F55C8C278F1ECA00742FA8 /* Assets.xcassets */; };
		48F55C96278F1ECA00742FA8 /* Bonjourr Startpage Extension.appex in Embed App Extensions */ = {isa = PBXBuildFile; fileRef = 48F55C95278F1ECA00742FA8 /* Bonjourr Startpage Extension.appex */; settings = {ATTRIBUTES = (RemoveHeadersOnCopy, ); }; };
		48F55C9B278F1ECA00742FA8 /* SafariWebExtensionHandler.swift in Sources */ = {isa = PBXBuildFile; fileRef = 48F55C9A278F1ECA00742FA8 /* SafariWebExtensionHandler.swift */; };
/* End PBXBuildFile section */

/* Begin PBXContainerItemProxy section */
		48F55C97278F1ECA00742FA8 /* PBXContainerItemProxy */ = {
			isa = PBXContainerItemProxy;
			containerPortal = 48F55C70278F1EC900742FA8 /* Project object */;
			proxyType = 1;
			remoteGlobalIDString = 48F55C94278F1ECA00742FA8;
			remoteInfo = "Bonjourr Startpage Extension";
		};
/* End PBXContainerItemProxy section */

/* Begin PBXCopyFilesBuildPhase section */
		48F55CA3278F1ECA00742FA8 /* Embed App Extensions */ = {
			isa = PBXCopyFilesBuildPhase;
			buildActionMask = 2147483647;
			dstPath = "";
			dstSubfolderSpec = 13;
			files = (
				48F55C96278F1ECA00742FA8 /* Bonjourr Startpage Extension.appex in Embed App Extensions */,
			);
			name = "Embed App Extensions";
			runOnlyForDeploymentPostprocessing = 0;
		};
/* End PBXCopyFilesBuildPhase section */

/* Begin PBXFileReference section */
		4822E53D278F533A008A45BB /* src */ = {isa = PBXFileReference; lastKnownFileType = folder; name = src; path = ../../Bonjourr/src; sourceTree = "<group>"; };
		4822E53E278F533A008A45BB /* _locales */ = {isa = PBXFileReference; lastKnownFileType = folder; name = _locales; path = ../../Bonjourr/_locales; sourceTree = "<group>"; };
		4822E540278F533A008A45BB /* settings.html */ = {isa = PBXFileReference; fileEncoding = 4; lastKnownFileType = text.html; name = settings.html; path = ../../Bonjourr/settings.html; sourceTree = "<group>"; };
		4822E541278F533A008A45BB /* index.html */ = {isa = PBXFileReference; fileEncoding = 4; lastKnownFileType = text.html; name = index.html; path = ../../Bonjourr/index.html; sourceTree = "<group>"; };
		4822E54C278F5CDB008A45BB /* manifest.json */ = {isa = PBXFileReference; fileEncoding = 4; lastKnownFileType = text.json; path = manifest.json; sourceTree = "<group>"; };
		48F55C78278F1EC900742FA8 /* Bonjourr Startpage.app */ = {isa = PBXFileReference; explicitFileType = wrapper.application; includeInIndex = 0; path = "Bonjourr Startpage.app"; sourceTree = BUILT_PRODUCTS_DIR; };
		48F55C7B278F1EC900742FA8 /* AppDelegate.swift */ = {isa = PBXFileReference; lastKnownFileType = sourcecode.swift; path = AppDelegate.swift; sourceTree = "<group>"; };
		48F55C7F278F1EC900742FA8 /* Base */ = {isa = PBXFileReference; lastKnownFileType = text.html; name = Base; path = ../Base.lproj/Main.html; sourceTree = "<group>"; };
		48F55C81278F1EC900742FA8 /* Icon.png */ = {isa = PBXFileReference; lastKnownFileType = image.png; path = Icon.png; sourceTree = "<group>"; };
		48F55C83278F1EC900742FA8 /* Style.css */ = {isa = PBXFileReference; lastKnownFileType = text.css; path = Style.css; sourceTree = "<group>"; };
		48F55C85278F1EC900742FA8 /* Script.js */ = {isa = PBXFileReference; lastKnownFileType = sourcecode.javascript; path = Script.js; sourceTree = "<group>"; };
		48F55C87278F1EC900742FA8 /* ViewController.swift */ = {isa = PBXFileReference; lastKnownFileType = sourcecode.swift; path = ViewController.swift; sourceTree = "<group>"; };
		48F55C8A278F1EC900742FA8 /* Base */ = {isa = PBXFileReference; lastKnownFileType = file.storyboard; name = Base; path = Base.lproj/Main.storyboard; sourceTree = "<group>"; };
		48F55C8C278F1ECA00742FA8 /* Assets.xcassets */ = {isa = PBXFileReference; lastKnownFileType = folder.assetcatalog; path = Assets.xcassets; sourceTree = "<group>"; };
		48F55C8E278F1ECA00742FA8 /* Info.plist */ = {isa = PBXFileReference; lastKnownFileType = text.plist.xml; path = Info.plist; sourceTree = "<group>"; };
		48F55C8F278F1ECA00742FA8 /* Bonjourr_Startpage.entitlements */ = {isa = PBXFileReference; lastKnownFileType = text.plist.entitlements; path = Bonjourr_Startpage.entitlements; sourceTree = "<group>"; };
		48F55C90278F1ECA00742FA8 /* Bonjourr Startpage.entitlements */ = {isa = PBXFileReference; lastKnownFileType = text.plist.entitlements; path = "Bonjourr Startpage.entitlements"; sourceTree = "<group>"; };
		48F55C95278F1ECA00742FA8 /* Bonjourr Startpage Extension.appex */ = {isa = PBXFileReference; explicitFileType = "wrapper.app-extension"; includeInIndex = 0; path = "Bonjourr Startpage Extension.appex"; sourceTree = BUILT_PRODUCTS_DIR; };
		48F55C9A278F1ECA00742FA8 /* SafariWebExtensionHandler.swift */ = {isa = PBXFileReference; lastKnownFileType = sourcecode.swift; path = SafariWebExtensionHandler.swift; sourceTree = "<group>"; };
		48F55C9C278F1ECA00742FA8 /* Info.plist */ = {isa = PBXFileReference; lastKnownFileType = text.plist.xml; path = Info.plist; sourceTree = "<group>"; };
		48F55C9D278F1ECA00742FA8 /* Bonjourr_Startpage_Extension.entitlements */ = {isa = PBXFileReference; lastKnownFileType = text.plist.entitlements; path = Bonjourr_Startpage_Extension.entitlements; sourceTree = "<group>"; };
/* End PBXFileReference section */

/* Begin PBXFrameworksBuildPhase section */
		48F55C75278F1EC900742FA8 /* Frameworks */ = {
			isa = PBXFrameworksBuildPhase;
			buildActionMask = 2147483647;
			files = (
			);
			runOnlyForDeploymentPostprocessing = 0;
		};
		48F55C92278F1ECA00742FA8 /* Frameworks */ = {
			isa = PBXFrameworksBuildPhase;
			buildActionMask = 2147483647;
			files = (
			);
			runOnlyForDeploymentPostprocessing = 0;
		};
/* End PBXFrameworksBuildPhase section */

/* Begin PBXGroup section */
		48F55C6F278F1EC900742FA8 = {
			isa = PBXGroup;
			children = (
				48F55C7A278F1EC900742FA8 /* Bonjourr Startpage */,
				48F55C99278F1ECA00742FA8 /* Bonjourr Startpage Extension */,
				48F55C79278F1EC900742FA8 /* Products */,
			);
			sourceTree = "<group>";
			usesTabs = 1;
		};
		48F55C79278F1EC900742FA8 /* Products */ = {
			isa = PBXGroup;
			children = (
				48F55C78278F1EC900742FA8 /* Bonjourr Startpage.app */,
				48F55C95278F1ECA00742FA8 /* Bonjourr Startpage Extension.appex */,
			);
			name = Products;
			sourceTree = "<group>";
		};
		48F55C7A278F1EC900742FA8 /* Bonjourr Startpage */ = {
			isa = PBXGroup;
			children = (
				48F55C7B278F1EC900742FA8 /* AppDelegate.swift */,
				48F55C87278F1EC900742FA8 /* ViewController.swift */,
				48F55C89278F1EC900742FA8 /* Main.storyboard */,
				48F55C8C278F1ECA00742FA8 /* Assets.xcassets */,
				48F55C8E278F1ECA00742FA8 /* Info.plist */,
				48F55C8F278F1ECA00742FA8 /* Bonjourr_Startpage.entitlements */,
				48F55C90278F1ECA00742FA8 /* Bonjourr Startpage.entitlements */,
				48F55C7D278F1EC900742FA8 /* Resources */,
			);
			path = "Bonjourr Startpage";
			sourceTree = "<group>";
		};
		48F55C7D278F1EC900742FA8 /* Resources */ = {
			isa = PBXGroup;
			children = (
				48F55C7E278F1EC900742FA8 /* Main.html */,
				48F55C81278F1EC900742FA8 /* Icon.png */,
				48F55C83278F1EC900742FA8 /* Style.css */,
				48F55C85278F1EC900742FA8 /* Script.js */,
			);
			path = Resources;
			sourceTree = "<group>";
		};
		48F55C99278F1ECA00742FA8 /* Bonjourr Startpage Extension */ = {
			isa = PBXGroup;
			children = (
				48F55CA7278F1ECA00742FA8 /* Resources */,
				48F55C9A278F1ECA00742FA8 /* SafariWebExtensionHandler.swift */,
				48F55C9C278F1ECA00742FA8 /* Info.plist */,
				48F55C9D278F1ECA00742FA8 /* Bonjourr_Startpage_Extension.entitlements */,
			);
			path = "Bonjourr Startpage Extension";
			sourceTree = "<group>";
		};
		48F55CA7278F1ECA00742FA8 /* Resources */ = {
			isa = PBXGroup;
			children = (
				4822E541278F533A008A45BB /* index.html */,
				4822E54C278F5CDB008A45BB /* manifest.json */,
				4822E53E278F533A008A45BB /* _locales */,
				4822E540278F533A008A45BB /* settings.html */,
				4822E53D278F533A008A45BB /* src */,
			);
			name = Resources;
			path = "Bonjourr Startpage Extension";
			sourceTree = SOURCE_ROOT;
		};
/* End PBXGroup section */

/* Begin PBXNativeTarget section */
		48F55C77278F1EC900742FA8 /* Bonjourr Startpage */ = {
			isa = PBXNativeTarget;
			buildConfigurationList = 48F55CA4278F1ECA00742FA8 /* Build configuration list for PBXNativeTarget "Bonjourr Startpage" */;
			buildPhases = (
				48F55C74278F1EC900742FA8 /* Sources */,
				48F55C75278F1EC900742FA8 /* Frameworks */,
				48F55C76278F1EC900742FA8 /* Resources */,
				48F55CA3278F1ECA00742FA8 /* Embed App Extensions */,
			);
			buildRules = (
			);
			dependencies = (
				48F55C98278F1ECA00742FA8 /* PBXTargetDependency */,
			);
			name = "Bonjourr Startpage";
			productName = "Bonjourr Startpage";
			productReference = 48F55C78278F1EC900742FA8 /* Bonjourr Startpage.app */;
			productType = "com.apple.product-type.application";
		};
		48F55C94278F1ECA00742FA8 /* Bonjourr Startpage Extension */ = {
			isa = PBXNativeTarget;
			buildConfigurationList = 48F55CA0278F1ECA00742FA8 /* Build configuration list for PBXNativeTarget "Bonjourr Startpage Extension" */;
			buildPhases = (
				48F55C91278F1ECA00742FA8 /* Sources */,
				48F55C92278F1ECA00742FA8 /* Frameworks */,
				48F55C93278F1ECA00742FA8 /* Resources */,
			);
			buildRules = (
			);
			dependencies = (
			);
			name = "Bonjourr Startpage Extension";
			productName = "Bonjourr Startpage Extension";
			productReference = 48F55C95278F1ECA00742FA8 /* Bonjourr Startpage Extension.appex */;
			productType = "com.apple.product-type.app-extension";
		};
/* End PBXNativeTarget section */

/* Begin PBXProject section */
		48F55C70278F1EC900742FA8 /* Project object */ = {
			isa = PBXProject;
			attributes = {
				BuildIndependentTargetsInParallel = 1;
				LastSwiftUpdateCheck = 1320;
				LastUpgradeCheck = 1320;
				TargetAttributes = {
					48F55C77278F1EC900742FA8 = {
						CreatedOnToolsVersion = 13.2.1;
					};
					48F55C94278F1ECA00742FA8 = {
						CreatedOnToolsVersion = 13.2.1;
					};
				};
			};
			buildConfigurationList = 48F55C73278F1EC900742FA8 /* Build configuration list for PBXProject "Bonjourr Startpage" */;
			compatibilityVersion = "Xcode 13.0";
			developmentRegion = en;
			hasScannedForEncodings = 0;
			knownRegions = (
				en,
				Base,
			);
			mainGroup = 48F55C6F278F1EC900742FA8;
			productRefGroup = 48F55C79278F1EC900742FA8 /* Products */;
			projectDirPath = "";
			projectRoot = "";
			targets = (
				48F55C77278F1EC900742FA8 /* Bonjourr Startpage */,
				48F55C94278F1ECA00742FA8 /* Bonjourr Startpage Extension */,
			);
		};
/* End PBXProject section */

/* Begin PBXResourcesBuildPhase section */
		48F55C76278F1EC900742FA8 /* Resources */ = {
			isa = PBXResourcesBuildPhase;
			buildActionMask = 2147483647;
			files = (
				48F55C82278F1EC900742FA8 /* Icon.png in Resources */,
				48F55C8B278F1EC900742FA8 /* Main.storyboard in Resources */,
				48F55C86278F1EC900742FA8 /* Script.js in Resources */,
				48F55C80278F1EC900742FA8 /* Main.html in Resources */,
				48F55C8D278F1ECA00742FA8 /* Assets.xcassets in Resources */,
				48F55C84278F1EC900742FA8 /* Style.css in Resources */,
			);
			runOnlyForDeploymentPostprocessing = 0;
		};
		48F55C93278F1ECA00742FA8 /* Resources */ = {
			isa = PBXResourcesBuildPhase;
			buildActionMask = 2147483647;
			files = (
				4822E542278F533A008A45BB /* src in Resources */,
				4822E546278F533A008A45BB /* index.html in Resources */,
				4822E545278F533A008A45BB /* settings.html in Resources */,
				4822E54D278F5CDB008A45BB /* manifest.json in Resources */,
				4822E543278F533A008A45BB /* _locales in Resources */,
			);
			runOnlyForDeploymentPostprocessing = 0;
		};
/* End PBXResourcesBuildPhase section */

/* Begin PBXSourcesBuildPhase section */
		48F55C74278F1EC900742FA8 /* Sources */ = {
			isa = PBXSourcesBuildPhase;
			buildActionMask = 2147483647;
			files = (
				48F55C88278F1EC900742FA8 /* ViewController.swift in Sources */,
				48F55C7C278F1EC900742FA8 /* AppDelegate.swift in Sources */,
			);
			runOnlyForDeploymentPostprocessing = 0;
		};
		48F55C91278F1ECA00742FA8 /* Sources */ = {
			isa = PBXSourcesBuildPhase;
			buildActionMask = 2147483647;
			files = (
				48F55C9B278F1ECA00742FA8 /* SafariWebExtensionHandler.swift in Sources */,
			);
			runOnlyForDeploymentPostprocessing = 0;
		};
/* End PBXSourcesBuildPhase section */

/* Begin PBXTargetDependency section */
		48F55C98278F1ECA00742FA8 /* PBXTargetDependency */ = {
			isa = PBXTargetDependency;
			target = 48F55C94278F1ECA00742FA8 /* Bonjourr Startpage Extension */;
			targetProxy = 48F55C97278F1ECA00742FA8 /* PBXContainerItemProxy */;
		};
/* End PBXTargetDependency section */

/* Begin PBXVariantGroup section */
		48F55C7E278F1EC900742FA8 /* Main.html */ = {
			isa = PBXVariantGroup;
			children = (
				48F55C7F278F1EC900742FA8 /* Base */,
			);
			name = Main.html;
			sourceTree = "<group>";
		};
		48F55C89278F1EC900742FA8 /* Main.storyboard */ = {
			isa = PBXVariantGroup;
			children = (
				48F55C8A278F1EC900742FA8 /* Base */,
			);
			name = Main.storyboard;
			sourceTree = "<group>";
		};
/* End PBXVariantGroup section */

/* Begin XCBuildConfiguration section */
		48F55C9E278F1ECA00742FA8 /* Debug */ = {
			isa = XCBuildConfiguration;
			buildSettings = {
				ALWAYS_SEARCH_USER_PATHS = NO;
				CLANG_ANALYZER_LOCALIZABILITY_NONLOCALIZED = YES;
				CLANG_ANALYZER_NONNULL = YES;
				CLANG_ANALYZER_NUMBER_OBJECT_CONVERSION = YES_AGGRESSIVE;
				CLANG_CXX_LANGUAGE_STANDARD = "gnu++17";
				CLANG_CXX_LIBRARY = "libc++";
				CLANG_ENABLE_MODULES = YES;
				CLANG_ENABLE_OBJC_ARC = YES;
				CLANG_ENABLE_OBJC_WEAK = YES;
				CLANG_WARN_BLOCK_CAPTURE_AUTORELEASING = YES;
				CLANG_WARN_BOOL_CONVERSION = YES;
				CLANG_WARN_COMMA = YES;
				CLANG_WARN_CONSTANT_CONVERSION = YES;
				CLANG_WARN_DEPRECATED_OBJC_IMPLEMENTATIONS = YES;
				CLANG_WARN_DIRECT_OBJC_ISA_USAGE = YES_ERROR;
				CLANG_WARN_DOCUMENTATION_COMMENTS = YES;
				CLANG_WARN_EMPTY_BODY = YES;
				CLANG_WARN_ENUM_CONVERSION = YES;
				CLANG_WARN_INFINITE_RECURSION = YES;
				CLANG_WARN_INT_CONVERSION = YES;
				CLANG_WARN_NON_LITERAL_NULL_CONVERSION = YES;
				CLANG_WARN_OBJC_IMPLICIT_RETAIN_SELF = YES;
				CLANG_WARN_OBJC_LITERAL_CONVERSION = YES;
				CLANG_WARN_OBJC_ROOT_CLASS = YES_ERROR;
				CLANG_WARN_QUOTED_INCLUDE_IN_FRAMEWORK_HEADER = YES;
				CLANG_WARN_RANGE_LOOP_ANALYSIS = YES;
				CLANG_WARN_STRICT_PROTOTYPES = YES;
				CLANG_WARN_SUSPICIOUS_MOVE = YES;
				CLANG_WARN_UNGUARDED_AVAILABILITY = YES_AGGRESSIVE;
				CLANG_WARN_UNREACHABLE_CODE = YES;
				CLANG_WARN__DUPLICATE_METHOD_MATCH = YES;
				COPY_PHASE_STRIP = NO;
				DEBUG_INFORMATION_FORMAT = dwarf;
				ENABLE_STRICT_OBJC_MSGSEND = YES;
				ENABLE_TESTABILITY = YES;
				GCC_C_LANGUAGE_STANDARD = gnu11;
				GCC_DYNAMIC_NO_PIC = NO;
				GCC_NO_COMMON_BLOCKS = YES;
				GCC_OPTIMIZATION_LEVEL = 0;
				GCC_PREPROCESSOR_DEFINITIONS = (
					"DEBUG=1",
					"$(inherited)",
				);
				GCC_WARN_64_TO_32_BIT_CONVERSION = YES;
				GCC_WARN_ABOUT_RETURN_TYPE = YES_ERROR;
				GCC_WARN_UNDECLARED_SELECTOR = YES;
				GCC_WARN_UNINITIALIZED_AUTOS = YES_AGGRESSIVE;
				GCC_WARN_UNUSED_FUNCTION = YES;
				GCC_WARN_UNUSED_VARIABLE = YES;
				MACOSX_DEPLOYMENT_TARGET = 12.1;
				MTL_ENABLE_DEBUG_INFO = INCLUDE_SOURCE;
				MTL_FAST_MATH = YES;
				ONLY_ACTIVE_ARCH = YES;
				SDKROOT = macosx;
				SWIFT_ACTIVE_COMPILATION_CONDITIONS = DEBUG;
				SWIFT_OPTIMIZATION_LEVEL = "-Onone";
			};
			name = Debug;
		};
		48F55C9F278F1ECA00742FA8 /* Release */ = {
			isa = XCBuildConfiguration;
			buildSettings = {
				ALWAYS_SEARCH_USER_PATHS = NO;
				CLANG_ANALYZER_LOCALIZABILITY_NONLOCALIZED = YES;
				CLANG_ANALYZER_NONNULL = YES;
				CLANG_ANALYZER_NUMBER_OBJECT_CONVERSION = YES_AGGRESSIVE;
				CLANG_CXX_LANGUAGE_STANDARD = "gnu++17";
				CLANG_CXX_LIBRARY = "libc++";
				CLANG_ENABLE_MODULES = YES;
				CLANG_ENABLE_OBJC_ARC = YES;
				CLANG_ENABLE_OBJC_WEAK = YES;
				CLANG_WARN_BLOCK_CAPTURE_AUTORELEASING = YES;
				CLANG_WARN_BOOL_CONVERSION = YES;
				CLANG_WARN_COMMA = YES;
				CLANG_WARN_CONSTANT_CONVERSION = YES;
				CLANG_WARN_DEPRECATED_OBJC_IMPLEMENTATIONS = YES;
				CLANG_WARN_DIRECT_OBJC_ISA_USAGE = YES_ERROR;
				CLANG_WARN_DOCUMENTATION_COMMENTS = YES;
				CLANG_WARN_EMPTY_BODY = YES;
				CLANG_WARN_ENUM_CONVERSION = YES;
				CLANG_WARN_INFINITE_RECURSION = YES;
				CLANG_WARN_INT_CONVERSION = YES;
				CLANG_WARN_NON_LITERAL_NULL_CONVERSION = YES;
				CLANG_WARN_OBJC_IMPLICIT_RETAIN_SELF = YES;
				CLANG_WARN_OBJC_LITERAL_CONVERSION = YES;
				CLANG_WARN_OBJC_ROOT_CLASS = YES_ERROR;
				CLANG_WARN_QUOTED_INCLUDE_IN_FRAMEWORK_HEADER = YES;
				CLANG_WARN_RANGE_LOOP_ANALYSIS = YES;
				CLANG_WARN_STRICT_PROTOTYPES = YES;
				CLANG_WARN_SUSPICIOUS_MOVE = YES;
				CLANG_WARN_UNGUARDED_AVAILABILITY = YES_AGGRESSIVE;
				CLANG_WARN_UNREACHABLE_CODE = YES;
				CLANG_WARN__DUPLICATE_METHOD_MATCH = YES;
				COPY_PHASE_STRIP = NO;
				DEBUG_INFORMATION_FORMAT = "dwarf-with-dsym";
				ENABLE_NS_ASSERTIONS = NO;
				ENABLE_STRICT_OBJC_MSGSEND = YES;
				GCC_C_LANGUAGE_STANDARD = gnu11;
				GCC_NO_COMMON_BLOCKS = YES;
				GCC_WARN_64_TO_32_BIT_CONVERSION = YES;
				GCC_WARN_ABOUT_RETURN_TYPE = YES_ERROR;
				GCC_WARN_UNDECLARED_SELECTOR = YES;
				GCC_WARN_UNINITIALIZED_AUTOS = YES_AGGRESSIVE;
				GCC_WARN_UNUSED_FUNCTION = YES;
				GCC_WARN_UNUSED_VARIABLE = YES;
				MACOSX_DEPLOYMENT_TARGET = 12.1;
				MTL_ENABLE_DEBUG_INFO = NO;
				MTL_FAST_MATH = YES;
				SDKROOT = macosx;
				SWIFT_COMPILATION_MODE = wholemodule;
				SWIFT_OPTIMIZATION_LEVEL = "-O";
			};
			name = Release;
		};
		48F55CA1278F1ECA00742FA8 /* Debug */ = {
			isa = XCBuildConfiguration;
			buildSettings = {
				CODE_SIGN_ENTITLEMENTS = "Bonjourr Startpage Extension/Bonjourr_Startpage_Extension.entitlements";
				CODE_SIGN_STYLE = Automatic;
				CURRENT_PROJECT_VERSION = 1;
				ENABLE_HARDENED_RUNTIME = YES;
				GENERATE_INFOPLIST_FILE = YES;
				INFOPLIST_FILE = "Bonjourr Startpage Extension/Info.plist";
				INFOPLIST_KEY_CFBundleDisplayName = "Bonjourr Startpage Extension";
				INFOPLIST_KEY_NSHumanReadableCopyright = "";
				LD_RUNPATH_SEARCH_PATHS = (
					"$(inherited)",
					"@executable_path/../Frameworks",
					"@executable_path/../../../../Frameworks",
				);
				MACOSX_DEPLOYMENT_TARGET = 10.14;
				MARKETING_VERSION = 1.11.2;
				OTHER_LDFLAGS = (
					"-framework",
					SafariServices,
				);
				PRODUCT_BUNDLE_IDENTIFIER = com.bonjourr.bonjourrStartpage;
				PRODUCT_NAME = "$(TARGET_NAME)";
				SKIP_INSTALL = YES;
				SWIFT_EMIT_LOC_STRINGS = YES;
				SWIFT_VERSION = 5.0;
			};
			name = Debug;
		};
		48F55CA2278F1ECA00742FA8 /* Release */ = {
			isa = XCBuildConfiguration;
			buildSettings = {
				CODE_SIGN_ENTITLEMENTS = "Bonjourr Startpage Extension/Bonjourr_Startpage_Extension.entitlements";
				CODE_SIGN_STYLE = Automatic;
				CURRENT_PROJECT_VERSION = 1;
				ENABLE_HARDENED_RUNTIME = YES;
				GENERATE_INFOPLIST_FILE = YES;
				INFOPLIST_FILE = "Bonjourr Startpage Extension/Info.plist";
				INFOPLIST_KEY_CFBundleDisplayName = "Bonjourr Startpage Extension";
				INFOPLIST_KEY_NSHumanReadableCopyright = "";
				LD_RUNPATH_SEARCH_PATHS = (
					"$(inherited)",
					"@executable_path/../Frameworks",
					"@executable_path/../../../../Frameworks",
				);
				MACOSX_DEPLOYMENT_TARGET = 10.14;
				MARKETING_VERSION = 1.11.2;
				OTHER_LDFLAGS = (
					"-framework",
					SafariServices,
				);
				PRODUCT_BUNDLE_IDENTIFIER = com.bonjourr.bonjourrStartpage;
				PRODUCT_NAME = "$(TARGET_NAME)";
				SKIP_INSTALL = YES;
				SWIFT_EMIT_LOC_STRINGS = YES;
				SWIFT_VERSION = 5.0;
			};
			name = Release;
		};
		48F55CA5278F1ECA00742FA8 /* Debug */ = {
			isa = XCBuildConfiguration;
			buildSettings = {
				ALWAYS_EMBED_SWIFT_STANDARD_LIBRARIES = YES;
				ASSETCATALOG_COMPILER_APPICON_NAME = AppIcon;
				ASSETCATALOG_COMPILER_GLOBAL_ACCENT_COLOR_NAME = AccentColor;
				CODE_SIGN_ENTITLEMENTS = "Bonjourr Startpage/Bonjourr Startpage.entitlements";
				CODE_SIGN_STYLE = Automatic;
				COMBINE_HIDPI_IMAGES = YES;
				CURRENT_PROJECT_VERSION = 1;
				ENABLE_HARDENED_RUNTIME = YES;
				GENERATE_INFOPLIST_FILE = YES;
				INFOPLIST_FILE = "Bonjourr Startpage/Info.plist";
				INFOPLIST_KEY_CFBundleDisplayName = "Bonjourr Startpage";
				INFOPLIST_KEY_LSApplicationCategoryType = "public.app-category.productivity";
				INFOPLIST_KEY_NSHumanReadableCopyright = "";
				INFOPLIST_KEY_NSMainStoryboardFile = Main;
				INFOPLIST_KEY_NSPrincipalClass = NSApplication;
				LD_RUNPATH_SEARCH_PATHS = (
					"$(inherited)",
					"@executable_path/../Frameworks",
				);
				MACOSX_DEPLOYMENT_TARGET = 10.14;
				MARKETING_VERSION = 1.11.2;
				OTHER_LDFLAGS = (
					"-framework",
					SafariServices,
					"-framework",
					WebKit,
				);
				PRODUCT_BUNDLE_IDENTIFIER = com.bonjourr.bonjourrStartpage;
				PRODUCT_NAME = "$(TARGET_NAME)";
				SWIFT_EMIT_LOC_STRINGS = YES;
				SWIFT_VERSION = 5.0;
			};
			name = Debug;
		};
		48F55CA6278F1ECA00742FA8 /* Release */ = {
			isa = XCBuildConfiguration;
			buildSettings = {
				ALWAYS_EMBED_SWIFT_STANDARD_LIBRARIES = YES;
				ASSETCATALOG_COMPILER_APPICON_NAME = AppIcon;
				ASSETCATALOG_COMPILER_GLOBAL_ACCENT_COLOR_NAME = AccentColor;
				CODE_SIGN_ENTITLEMENTS = "Bonjourr Startpage/Bonjourr Startpage.entitlements";
				CODE_SIGN_STYLE = Automatic;
				COMBINE_HIDPI_IMAGES = YES;
				CURRENT_PROJECT_VERSION = 1;
				ENABLE_HARDENED_RUNTIME = YES;
				GENERATE_INFOPLIST_FILE = YES;
				INFOPLIST_FILE = "Bonjourr Startpage/Info.plist";
				INFOPLIST_KEY_CFBundleDisplayName = "Bonjourr Startpage";
				INFOPLIST_KEY_LSApplicationCategoryType = "public.app-category.productivity";
				INFOPLIST_KEY_NSHumanReadableCopyright = "";
				INFOPLIST_KEY_NSMainStoryboardFile = Main;
				INFOPLIST_KEY_NSPrincipalClass = NSApplication;
				LD_RUNPATH_SEARCH_PATHS = (
					"$(inherited)",
					"@executable_path/../Frameworks",
				);
				MACOSX_DEPLOYMENT_TARGET = 10.14;
				MARKETING_VERSION = 1.11.2;
				OTHER_LDFLAGS = (
					"-framework",
					SafariServices,
					"-framework",
					WebKit,
				);
				PRODUCT_BUNDLE_IDENTIFIER = com.bonjourr.bonjourrStartpage;
				PRODUCT_NAME = "$(TARGET_NAME)";
				SWIFT_EMIT_LOC_STRINGS = YES;
				SWIFT_VERSION = 5.0;
			};
			name = Release;
		};
/* End XCBuildConfiguration section */

/* Begin XCConfigurationList section */
		48F55C73278F1EC900742FA8 /* Build configuration list for PBXProject "Bonjourr Startpage" */ = {
			isa = XCConfigurationList;
			buildConfigurations = (
				48F55C9E278F1ECA00742FA8 /* Debug */,
				48F55C9F278F1ECA00742FA8 /* Release */,
			);
			defaultConfigurationIsVisible = 0;
			defaultConfigurationName = Release;
		};
		48F55CA0278F1ECA00742FA8 /* Build configuration list for PBXNativeTarget "Bonjourr Startpage Extension" */ = {
			isa = XCConfigurationList;
			buildConfigurations = (
				48F55CA1278F1ECA00742FA8 /* Debug */,
				48F55CA2278F1ECA00742FA8 /* Release */,
			);
			defaultConfigurationIsVisible = 0;
			defaultConfigurationName = Release;
		};
		48F55CA4278F1ECA00742FA8 /* Build configuration list for PBXNativeTarget "Bonjourr Startpage" */ = {
			isa = XCConfigurationList;
			buildConfigurations = (
				48F55CA5278F1ECA00742FA8 /* Debug */,
				48F55CA6278F1ECA00742FA8 /* Release */,
			);
			defaultConfigurationIsVisible = 0;
			defaultConfigurationName = Release;
		};
/* End XCConfigurationList section */
	};
	rootObject = 48F55C70278F1EC900742FA8 /* Project object */;
}
